
Microsoft Visual Studio Solution File, Format Version 12.00
Project("{2150E333-8FDC-42A3-9474-1A3956D46DE8}") = "src", "src", "{EB68881B-9B5E-4F98-A014-5CB30AF7E04B}"
EndProject
Project("{2150E333-8FDC-42A3-9474-1A3956D46DE8}") = "Shared", "Shared", "{C1A6F52D-6511-486D-8F14-3C518723CCA1}"
EndProject
Project("{2150E333-8FDC-42A3-9474-1A3956D46DE8}") = "Logging", "Logging", "{4D49D365-EB55-46C0-A677-F9D60C3592BC}"
EndProject
Project("{2150E333-8FDC-42A3-9474-1A3956D46DE8}") = "Domain", "Domain", "{2F594D17-9357-4C68-8129-E384A32FE69D}"
EndProject
Project("{2150E333-8FDC-42A3-9474-1A3956D46DE8}") = "Web", "Web", "{33837146-F64E-42FA-8DD4-BA3A3D98E8E2}"
EndProject
Project("{2150E333-8FDC-42A3-9474-1A3956D46DE8}") = "Infrastructure", "Infrastructure", "{76231954-F5B1-454A-8ED1-797E53074F0A}"
EndProject
Project("{FAE04EC0-301F-11D3-BF4B-00C04F79EFBC}") = "Domain", "src\Domain\Domain.csproj", "{E66E5481-4646-43F9-8C4A-FC2377978E12}"
EndProject
Project("{FAE04EC0-301F-11D3-BF4B-00C04F79EFBC}") = "Infrastructure", "src\Infrastructure\Infrastructure.csproj", "{CAF79DB6-39C5-400E-9852-03C503634D5A}"
EndProject
Project("{FAE04EC0-301F-11D3-BF4B-00C04F79EFBC}") = "LoggerService", "src\Logging\LoggerService.csproj", "{264FB17F-91DD-4072-B3D4-58D8F59AAA4F}"
EndProject
Project("{FAE04EC0-301F-11D3-BF4B-00C04F79EFBC}") = "Infrastructure.Shared", "src\Shared\Infrastructure.Shared.csproj", "{838DD86C-5281-4FB2-9A45-82D46B3820B4}"
EndProject
Project("{FAE04EC0-301F-11D3-BF4B-00C04F79EFBC}") = "Zowari", "src\Web\Zowari.csproj", "{22598B6A-E5DD-47B3-8674-144368B318DF}"
EndProject
Project("{2150E333-8FDC-42A3-9474-1A3956D46DE8}") = "Core", "Core", "{6F6E6964-08A1-419C-BF0C-1CC1F8EF2AF8}"
EndProject
Project("{2150E333-8FDC-42A3-9474-1A3956D46DE8}") = "Core.Application", "Core.Application", "{ED877986-B8C6-46EB-AB0C-110B121F7591}"
EndProject
Project("{2150E333-8FDC-42A3-9474-1A3956D46DE8}") = "Core.EmailService", "Core.EmailService", "{2733B3F4-A07B-495D-9514-7C4058C6891B}"
EndProject
Project("{FAE04EC0-301F-11D3-BF4B-00C04F79EFBC}") = "Core.Application", "src\Core\Core.Application\Core.Application.csproj", "{2065073C-EDCF-4CD5-AB10-40B915C399D8}"
EndProject
Project("{FAE04EC0-301F-11D3-BF4B-00C04F79EFBC}") = "Core.EmailService", "src\Core\Core.EmailService\Core.EmailService.csproj", "{352FFE5F-32CD-4655-BB42-F24A81C6B047}"
EndProject
Global
	GlobalSection(SolutionConfigurationPlatforms) = preSolution
		Debug|Any CPU = Debug|Any CPU
		Release|Any CPU = Release|Any CPU
	EndGlobalSection
	GlobalSection(ProjectConfigurationPlatforms) = postSolution
		{E66E5481-4646-43F9-8C4A-FC2377978E12}.Debug|Any CPU.ActiveCfg = Debug|Any CPU
		{E66E5481-4646-43F9-8C4A-FC2377978E12}.Debug|Any CPU.Build.0 = Debug|Any CPU
		{E66E5481-4646-43F9-8C4A-FC2377978E12}.Release|Any CPU.ActiveCfg = Release|Any CPU
		{E66E5481-4646-43F9-8C4A-FC2377978E12}.Release|Any CPU.Build.0 = Release|Any CPU
		{CAF79DB6-39C5-400E-9852-03C503634D5A}.Debug|Any CPU.ActiveCfg = Debug|Any CPU
		{CAF79DB6-39C5-400E-9852-03C503634D5A}.Debug|Any CPU.Build.0 = Debug|Any CPU
		{CAF79DB6-39C5-400E-9852-03C503634D5A}.Release|Any CPU.ActiveCfg = Release|Any CPU
		{CAF79DB6-39C5-400E-9852-03C503634D5A}.Release|Any CPU.Build.0 = Release|Any CPU
		{264FB17F-91DD-4072-B3D4-58D8F59AAA4F}.Debug|Any CPU.ActiveCfg = Debug|Any CPU
		{264FB17F-91DD-4072-B3D4-58D8F59AAA4F}.Debug|Any CPU.Build.0 = Debug|Any CPU
		{264FB17F-91DD-4072-B3D4-58D8F59AAA4F}.Release|Any CPU.ActiveCfg = Release|Any CPU
		{264FB17F-91DD-4072-B3D4-58D8F59AAA4F}.Release|Any CPU.Build.0 = Release|Any CPU
		{838DD86C-5281-4FB2-9A45-82D46B3820B4}.Debug|Any CPU.ActiveCfg = Debug|Any CPU
		{838DD86C-5281-4FB2-9A45-82D46B3820B4}.Debug|Any CPU.Build.0 = Debug|Any CPU
		{838DD86C-5281-4FB2-9A45-82D46B3820B4}.Release|Any CPU.ActiveCfg = Release|Any CPU
		{838DD86C-5281-4FB2-9A45-82D46B3820B4}.Release|Any CPU.Build.0 = Release|Any CPU
		{22598B6A-E5DD-47B3-8674-144368B318DF}.Debug|Any CPU.ActiveCfg = Debug|Any CPU
		{22598B6A-E5DD-47B3-8674-144368B318DF}.Debug|Any CPU.Build.0 = Debug|Any CPU
		{22598B6A-E5DD-47B3-8674-144368B318DF}.Release|Any CPU.ActiveCfg = Release|Any CPU
		{22598B6A-E5DD-47B3-8674-144368B318DF}.Release|Any CPU.Build.0 = Release|Any CPU
		{2065073C-EDCF-4CD5-AB10-40B915C399D8}.Debug|Any CPU.ActiveCfg = Debug|Any CPU
		{2065073C-EDCF-4CD5-AB10-40B915C399D8}.Debug|Any CPU.Build.0 = Debug|Any CPU
		{2065073C-EDCF-4CD5-AB10-40B915C399D8}.Release|Any CPU.ActiveCfg = Release|Any CPU
		{2065073C-EDCF-4CD5-AB10-40B915C399D8}.Release|Any CPU.Build.0 = Release|Any CPU
		{352FFE5F-32CD-4655-BB42-F24A81C6B047}.Debug|Any CPU.ActiveCfg = Debug|Any CPU
		{352FFE5F-32CD-4655-BB42-F24A81C6B047}.Debug|Any CPU.Build.0 = Debug|Any CPU
		{352FFE5F-32CD-4655-BB42-F24A81C6B047}.Release|Any CPU.ActiveCfg = Release|Any CPU
		{352FFE5F-32CD-4655-BB42-F24A81C6B047}.Release|Any CPU.Build.0 = Release|Any CPU
	EndGlobalSection
	GlobalSection(NestedProjects) = preSolution
		{C1A6F52D-6511-486D-8F14-3C518723CCA1} = {EB68881B-9B5E-4F98-A014-5CB30AF7E04B}
		{4D49D365-EB55-46C0-A677-F9D60C3592BC} = {EB68881B-9B5E-4F98-A014-5CB30AF7E04B}
		{2F594D17-9357-4C68-8129-E384A32FE69D} = {EB68881B-9B5E-4F98-A014-5CB30AF7E04B}
		{33837146-F64E-42FA-8DD4-BA3A3D98E8E2} = {EB68881B-9B5E-4F98-A014-5CB30AF7E04B}
		{76231954-F5B1-454A-8ED1-797E53074F0A} = {EB68881B-9B5E-4F98-A014-5CB30AF7E04B}
		{E66E5481-4646-43F9-8C4A-FC2377978E12} = {2F594D17-9357-4C68-8129-E384A32FE69D}
		{CAF79DB6-39C5-400E-9852-03C503634D5A} = {76231954-F5B1-454A-8ED1-797E53074F0A}
		{264FB17F-91DD-4072-B3D4-58D8F59AAA4F} = {4D49D365-EB55-46C0-A677-F9D60C3592BC}
		{838DD86C-5281-4FB2-9A45-82D46B3820B4} = {C1A6F52D-6511-486D-8F14-3C518723CCA1}
		{22598B6A-E5DD-47B3-8674-144368B318DF} = {33837146-F64E-42FA-8DD4-BA3A3D98E8E2}
		{6F6E6964-08A1-419C-BF0C-1CC1F8EF2AF8} = {EB68881B-9B5E-4F98-A014-5CB30AF7E04B}
		{ED877986-B8C6-46EB-AB0C-110B121F7591} = {6F6E6964-08A1-419C-BF0C-1CC1F8EF2AF8}
		{2733B3F4-A07B-495D-9514-7C4058C6891B} = {6F6E6964-08A1-419C-BF0C-1CC1F8EF2AF8}
		{2065073C-EDCF-4CD5-AB10-40B915C399D8} = {ED877986-B8C6-46EB-AB0C-110B121F7591}
		{352FFE5F-32CD-4655-BB42-F24A81C6B047} = {2733B3F4-A07B-495D-9514-7C4058C6891B}
	EndGlobalSection
EndGlobal
