
Microsoft Visual Studio Solution File, Format Version 12.00
Project("{2150E333-8FDC-42A3-9474-1A3956D46DE8}") = "src", "src", "{EB68881B-9B5E-4F98-A014-5CB30AF7E04B}"
EndProject
Project("{2150E333-8FDC-42A3-9474-1A3956D46DE8}") = "Shared", "Shared", "{C1A6F52D-6511-486D-8F14-3C518723CCA1}"
EndProject
Project("{2150E333-8FDC-42A3-9474-1A3956D46DE8}") = "Web", "Web", "{33837146-F64E-42FA-8DD4-BA3A3D98E8E2}"
EndProject
Project("{FAE04EC0-301F-11D3-BF4B-00C04F79EFBC}") = "Zowari", "src\Web\Zowari.csproj", "{22598B6A-E5DD-47B3-8674-144368B318DF}"
EndProject
Project("{2150E333-8FDC-42A3-9474-1A3956D46DE8}") = "Core", "Core", "{6F6E6964-08A1-419C-BF0C-1CC1F8EF2AF8}"
EndProject
Project("{FAE04EC0-301F-11D3-BF4B-00C04F79EFBC}") = "Application", "src\Core\Application\Application.csproj", "{2065073C-EDCF-4CD5-AB10-40B915C399D8}"
EndProject
Project("{FAE04EC0-301F-11D3-BF4B-00C04F79EFBC}") = "EmailService", "src\Core\EmailService\EmailService.csproj", "{352FFE5F-32CD-4655-BB42-F24A81C6B047}"
EndProject
Project("{FAE04EC0-301F-11D3-BF4B-00C04F79EFBC}") = "LoggerService", "src\Shared\Logger\LoggerService.csproj", "{CF77469E-D113-4A7B-A781-0838A5099BA6}"
EndProject
Project("{FAE04EC0-301F-11D3-BF4B-00C04F79EFBC}") = "Infrastructure.Shared", "src\Shared\Infrastructure.Shared\Infrastructure.Shared.csproj", "{C61BD702-1921-4AD7-9B7B-1A46198F39E8}"
EndProject
Project("{FAE04EC0-301F-11D3-BF4B-00C04F79EFBC}") = "Domain", "src\Core\Domain\Domain.csproj", "{A4BFC67C-D40B-4396-8761-C20EC4CAA6F8}"
EndProject
Project("{FAE04EC0-301F-11D3-BF4B-00C04F79EFBC}") = "Infrastructure", "src\Core\Infrastructure\Infrastructure.csproj", "{A9298731-453B-4F8D-BE1F-253B8D96EC9E}"
EndProject
Global
	GlobalSection(SolutionConfigurationPlatforms) = preSolution
		Debug|Any CPU = Debug|Any CPU
		Release|Any CPU = Release|Any CPU
	EndGlobalSection
	GlobalSection(ProjectConfigurationPlatforms) = postSolution
		{22598B6A-E5DD-47B3-8674-144368B318DF}.Debug|Any CPU.ActiveCfg = Debug|Any CPU
		{22598B6A-E5DD-47B3-8674-144368B318DF}.Debug|Any CPU.Build.0 = Debug|Any CPU
		{22598B6A-E5DD-47B3-8674-144368B318DF}.Release|Any CPU.ActiveCfg = Release|Any CPU
		{22598B6A-E5DD-47B3-8674-144368B318DF}.Release|Any CPU.Build.0 = Release|Any CPU
		{2065073C-EDCF-4CD5-AB10-40B915C399D8}.Debug|Any CPU.ActiveCfg = Debug|Any CPU
		{2065073C-EDCF-4CD5-AB10-40B915C399D8}.Debug|Any CPU.Build.0 = Debug|Any CPU
		{2065073C-EDCF-4CD5-AB10-40B915C399D8}.Release|Any CPU.ActiveCfg = Release|Any CPU
		{2065073C-EDCF-4CD5-AB10-40B915C399D8}.Release|Any CPU.Build.0 = Release|Any CPU
		{352FFE5F-32CD-4655-BB42-F24A81C6B047}.Debug|Any CPU.ActiveCfg = Debug|Any CPU
		{352FFE5F-32CD-4655-BB42-F24A81C6B047}.Debug|Any CPU.Build.0 = Debug|Any CPU
		{352FFE5F-32CD-4655-BB42-F24A81C6B047}.Release|Any CPU.ActiveCfg = Release|Any CPU
		{352FFE5F-32CD-4655-BB42-F24A81C6B047}.Release|Any CPU.Build.0 = Release|Any CPU
		{CF77469E-D113-4A7B-A781-0838A5099BA6}.Debug|Any CPU.ActiveCfg = Debug|Any CPU
		{CF77469E-D113-4A7B-A781-0838A5099BA6}.Debug|Any CPU.Build.0 = Debug|Any CPU
		{CF77469E-D113-4A7B-A781-0838A5099BA6}.Release|Any CPU.ActiveCfg = Release|Any CPU
		{CF77469E-D113-4A7B-A781-0838A5099BA6}.Release|Any CPU.Build.0 = Release|Any CPU
		{C61BD702-1921-4AD7-9B7B-1A46198F39E8}.Debug|Any CPU.ActiveCfg = Debug|Any CPU
		{C61BD702-1921-4AD7-9B7B-1A46198F39E8}.Debug|Any CPU.Build.0 = Debug|Any CPU
		{C61BD702-1921-4AD7-9B7B-1A46198F39E8}.Release|Any CPU.ActiveCfg = Release|Any CPU
		{C61BD702-1921-4AD7-9B7B-1A46198F39E8}.Release|Any CPU.Build.0 = Release|Any CPU
		{A4BFC67C-D40B-4396-8761-C20EC4CAA6F8}.Debug|Any CPU.ActiveCfg = Debug|Any CPU
		{A4BFC67C-D40B-4396-8761-C20EC4CAA6F8}.Debug|Any CPU.Build.0 = Debug|Any CPU
		{A4BFC67C-D40B-4396-8761-C20EC4CAA6F8}.Release|Any CPU.ActiveCfg = Release|Any CPU
		{A4BFC67C-D40B-4396-8761-C20EC4CAA6F8}.Release|Any CPU.Build.0 = Release|Any CPU
		{A9298731-453B-4F8D-BE1F-253B8D96EC9E}.Debug|Any CPU.ActiveCfg = Debug|Any CPU
		{A9298731-453B-4F8D-BE1F-253B8D96EC9E}.Debug|Any CPU.Build.0 = Debug|Any CPU
		{A9298731-453B-4F8D-BE1F-253B8D96EC9E}.Release|Any CPU.ActiveCfg = Release|Any CPU
		{A9298731-453B-4F8D-BE1F-253B8D96EC9E}.Release|Any CPU.Build.0 = Release|Any CPU
	EndGlobalSection
	GlobalSection(NestedProjects) = preSolution
		{C1A6F52D-6511-486D-8F14-3C518723CCA1} = {EB68881B-9B5E-4F98-A014-5CB30AF7E04B}
		{33837146-F64E-42FA-8DD4-BA3A3D98E8E2} = {EB68881B-9B5E-4F98-A014-5CB30AF7E04B}
		{22598B6A-E5DD-47B3-8674-144368B318DF} = {33837146-F64E-42FA-8DD4-BA3A3D98E8E2}
		{6F6E6964-08A1-419C-BF0C-1CC1F8EF2AF8} = {EB68881B-9B5E-4F98-A014-5CB30AF7E04B}
		{CF77469E-D113-4A7B-A781-0838A5099BA6} = {C1A6F52D-6511-486D-8F14-3C518723CCA1}
		{C61BD702-1921-4AD7-9B7B-1A46198F39E8} = {C1A6F52D-6511-486D-8F14-3C518723CCA1}
		{2065073C-EDCF-4CD5-AB10-40B915C399D8} = {6F6E6964-08A1-419C-BF0C-1CC1F8EF2AF8}
		{352FFE5F-32CD-4655-BB42-F24A81C6B047} = {6F6E6964-08A1-419C-BF0C-1CC1F8EF2AF8}
		{A4BFC67C-D40B-4396-8761-C20EC4CAA6F8} = {6F6E6964-08A1-419C-BF0C-1CC1F8EF2AF8}
		{A9298731-453B-4F8D-BE1F-253B8D96EC9E} = {6F6E6964-08A1-419C-BF0C-1CC1F8EF2AF8}
	EndGlobalSection
EndGlobal
